
Microsoft Visual Studio Solution File, Format Version 12.00
# Visual Studio Version 17
VisualStudioVersion = 17.14.37012.4 d17.14
MinimumVisualStudioVersion = 10.0.40219.1
Project("{FAE04EC0-301F-11D3-BF4B-00C04F79EFBC}") = "NotikaIdentityEmail", "NotikaIdentityEmail\NotikaIdentityEmail.csproj", "{79A87CDB-ADB8-42C1-AB1D-20002A1B6B6E}"
EndProject
Global
	GlobalSection(SolutionConfigurationPlatforms) = preSolution
		Debug|Any CPU = Debug|Any CPU
		Release|Any CPU = Release|Any CPU
	EndGlobalSection
	GlobalSection(ProjectConfigurationPlatforms) = postSolution
		{79A87CDB-ADB8-42C1-AB1D-20002A1B6B6E}.Debug|Any CPU.ActiveCfg = Debug|Any CPU
		{79A87CDB-ADB8-42C1-AB1D-20002A1B6B6E}.Debug|Any CPU.Build.0 = Debug|Any CPU
		{79A87CDB-ADB8-42C1-AB1D-20002A1B6B6E}.Release|Any CPU.ActiveCfg = Release|Any CPU
		{79A87CDB-ADB8-42C1-AB1D-20002A1B6B6E}.Release|Any CPU.Build.0 = Release|Any CPU
	EndGlobalSection
	GlobalSection(SolutionProperties) = preSolution
		HideSolutionNode = FALSE
	EndGlobalSection
	GlobalSection(ExtensibilityGlobals) = postSolution
		SolutionGuid = {45B5A14F-A6C7-49ED-95FE-A6B26814957A}
	EndGlobalSection
EndGlobal
